
Microsoft Visual Studio Solution File, Format Version 12.00
# Visual Studio 15
VisualStudioVersion = 15.0.26430.14
MinimumVisualStudioVersion = 10.0.40219.1
Project("{FAE04EC0-301F-11D3-BF4B-00C04F79EFBC}") = "QuickNoteWidget", "QuickNoteWidget\QuickNoteWidget.csproj", "{5A27761D-1DEE-4A9F-97DD-1A351A9E967E}"
EndProject
Global
	GlobalSection(SolutionConfigurationPlatforms) = preSolution
		Debug|Any CPU = Debug|Any CPU
		Release|Any CPU = Release|Any CPU
	EndGlobalSection
	GlobalSection(ProjectConfigurationPlatforms) = postSolution
		{5A27761D-1DEE-4A9F-97DD-1A351A9E967E}.Debug|Any CPU.ActiveCfg = Debug|Any CPU
		{5A27761D-1DEE-4A9F-97DD-1A351A9E967E}.Debug|Any CPU.Build.0 = Debug|Any CPU
		{5A27761D-1DEE-4A9F-97DD-1A351A9E967E}.Release|Any CPU.ActiveCfg = Release|Any CPU
		{5A27761D-1DEE-4A9F-97DD-1A351A9E967E}.Release|Any CPU.Build.0 = Release|Any CPU
	EndGlobalSection
	GlobalSection(SolutionProperties) = preSolution
		HideSolutionNode = FALSE
	EndGlobalSection
EndGlobal
